
Microsoft Visual Studio Solution File, Format Version 12.00
# Visual Studio Version 16
VisualStudioVersion = 16.0.32106.194
MinimumVisualStudioVersion = 10.0.40219.1
Project("{FAE04EC0-301F-11D3-BF4B-00C04F79EFBC}") = "PriorityChatV3", "PriorityChatV3.csproj", "{235479A3-1C43-4FEE-A501-4A9959B131D1}"
EndProject
Global
	GlobalSection(SolutionConfigurationPlatforms) = preSolution
		Debug|Any CPU = Debug|Any CPU
		Release|Any CPU = Release|Any CPU
	EndGlobalSection
	GlobalSection(ProjectConfigurationPlatforms) = postSolution
		{235479A3-1C43-4FEE-A501-4A9959B131D1}.Debug|Any CPU.ActiveCfg = Debug|Any CPU
		{235479A3-1C43-4FEE-A501-4A9959B131D1}.Debug|Any CPU.Build.0 = Debug|Any CPU
		{235479A3-1C43-4FEE-A501-4A9959B131D1}.Release|Any CPU.ActiveCfg = Release|Any CPU
		{235479A3-1C43-4FEE-A501-4A9959B131D1}.Release|Any CPU.Build.0 = Release|Any CPU
	EndGlobalSection
	GlobalSection(SolutionProperties) = preSolution
		HideSolutionNode = FALSE
	EndGlobalSection
	GlobalSection(ExtensibilityGlobals) = postSolution
		SolutionGuid = {61B82907-16C7-4A9A-802F-256F93574736}
	EndGlobalSection
EndGlobal
